
Microsoft Visual Studio Solution File, Format Version 12.00
# Visual Studio Version 17
VisualStudioVersion = 17.8.34511.84
MinimumVisualStudioVersion = 10.0.40219.1
Project("{FAE04EC0-301F-11D3-BF4B-00C04F79EFBC}") = "For-Each", "For-Each\For-Each.csproj", "{A53F95F5-AD2D-44A2-829C-2DB0C79FB328}"
EndProject
Global
	GlobalSection(SolutionConfigurationPlatforms) = preSolution
		Debug|Any CPU = Debug|Any CPU
		Release|Any CPU = Release|Any CPU
	EndGlobalSection
	GlobalSection(ProjectConfigurationPlatforms) = postSolution
		{A53F95F5-AD2D-44A2-829C-2DB0C79FB328}.Debug|Any CPU.ActiveCfg = Debug|Any CPU
		{A53F95F5-AD2D-44A2-829C-2DB0C79FB328}.Debug|Any CPU.Build.0 = Debug|Any CPU
		{A53F95F5-AD2D-44A2-829C-2DB0C79FB328}.Release|Any CPU.ActiveCfg = Release|Any CPU
		{A53F95F5-AD2D-44A2-829C-2DB0C79FB328}.Release|Any CPU.Build.0 = Release|Any CPU
	EndGlobalSection
	GlobalSection(SolutionProperties) = preSolution
		HideSolutionNode = FALSE
	EndGlobalSection
	GlobalSection(ExtensibilityGlobals) = postSolution
		SolutionGuid = {B251FD62-C977-429B-88A5-BD5305804A42}
	EndGlobalSection
EndGlobal
